Microsoft Visual Studio Solution File, Format Version 12.00
# Visual Studio Version 17
VisualStudioVersion = 17.5.2.0
MinimumVisualStudioVersion = 10.0.40219.1
Project("{FAE04EC0-301F-11D3-BF4B-00C04F79EFBC}") = "briefit", "briefit.csproj", "{9494CE24-056A-86C9-82B6-4BC5913369D5}"
EndProject
Global
	GlobalSection(SolutionConfigurationPlatforms) = preSolution
		Debug|Any CPU = Debug|Any CPU
		Release|Any CPU = Release|Any CPU
	EndGlobalSection
	GlobalSection(ProjectConfigurationPlatforms) = postSolution
		{9494CE24-056A-86C9-82B6-4BC5913369D5}.Debug|Any CPU.ActiveCfg = Debug|Any CPU
		{9494CE24-056A-86C9-82B6-4BC5913369D5}.Debug|Any CPU.Build.0 = Debug|Any CPU
		{9494CE24-056A-86C9-82B6-4BC5913369D5}.Release|Any CPU.ActiveCfg = Release|Any CPU
		{9494CE24-056A-86C9-82B6-4BC5913369D5}.Release|Any CPU.Build.0 = Release|Any CPU
	EndGlobalSection
	GlobalSection(SolutionProperties) = preSolution
		HideSolutionNode = FALSE
	EndGlobalSection
	GlobalSection(ExtensibilityGlobals) = postSolution
		SolutionGuid = {CFBBC9BA-5AD3-4232-A587-6F338222C52D}
	EndGlobalSection
EndGlobal
